
Microsoft Visual Studio Solution File, Format Version 12.00
# Visual Studio 14
VisualStudioVersion = 14.0.25420.1
MinimumVisualStudioVersion = 10.0.40219.1
Project("{FAE04EC0-301F-11D3-BF4B-00C04F79EFBC}") = "WijkAgent", "WijkAgent\WijkAgent.csproj", "{EAA055BA-B5B5-4BBF-AABA-B99C3E10E006}"
EndProject
Project("{FAE04EC0-301F-11D3-BF4B-00C04F79EFBC}") = "WijkAgentTests", "WijkAgentTests\WijkAgentTests.csproj", "{76AA8112-C1F8-4FEB-BE7A-8EB11C993563}"
EndProject
Project("{54435603-DBB4-11D2-8724-00A0C9A8B90C}") = "WijkAgentSetup", "WijkAgentSetup\WijkAgentSetup.vdproj", "{90B09F63-9213-4A25-9F96-A13C58EF8965}"
EndProject
Global
	GlobalSection(SolutionConfigurationPlatforms) = preSolution
		Debug|Any CPU = Debug|Any CPU
		Release|Any CPU = Release|Any CPU
	EndGlobalSection
	GlobalSection(ProjectConfigurationPlatforms) = postSolution
		{EAA055BA-B5B5-4BBF-AABA-B99C3E10E006}.Debug|Any CPU.ActiveCfg = Debug|Any CPU
		{EAA055BA-B5B5-4BBF-AABA-B99C3E10E006}.Debug|Any CPU.Build.0 = Debug|Any CPU
		{EAA055BA-B5B5-4BBF-AABA-B99C3E10E006}.Release|Any CPU.ActiveCfg = Release|Any CPU
		{EAA055BA-B5B5-4BBF-AABA-B99C3E10E006}.Release|Any CPU.Build.0 = Release|Any CPU
		{76AA8112-C1F8-4FEB-BE7A-8EB11C993563}.Debug|Any CPU.ActiveCfg = Debug|Any CPU
		{76AA8112-C1F8-4FEB-BE7A-8EB11C993563}.Debug|Any CPU.Build.0 = Debug|Any CPU
		{76AA8112-C1F8-4FEB-BE7A-8EB11C993563}.Release|Any CPU.ActiveCfg = Release|Any CPU
		{76AA8112-C1F8-4FEB-BE7A-8EB11C993563}.Release|Any CPU.Build.0 = Release|Any CPU
		{90B09F63-9213-4A25-9F96-A13C58EF8965}.Debug|Any CPU.ActiveCfg = Debug
		{90B09F63-9213-4A25-9F96-A13C58EF8965}.Release|Any CPU.ActiveCfg = Release
	EndGlobalSection
	GlobalSection(SolutionProperties) = preSolution
		HideSolutionNode = FALSE
	EndGlobalSection
EndGlobal
